
Microsoft Visual Studio Solution File, Format Version 12.00
# Visual Studio Version 17
VisualStudioVersion = 17.6.33717.318
MinimumVisualStudioVersion = 10.0.40219.1
Project("{9A19103F-16F7-4668-BE54-9A1E7A4F7556}") = "DotNetConsolePlayground", "DotNetConsolePlayground\DotNetConsolePlayground.csproj", "{61526B27-4612-4293-913B-A6364BE253B9}"
EndProject
Global
	GlobalSection(SolutionConfigurationPlatforms) = preSolution
		Debug|Any CPU = Debug|Any CPU
		Release|Any CPU = Release|Any CPU
	EndGlobalSection
	GlobalSection(ProjectConfigurationPlatforms) = postSolution
		{61526B27-4612-4293-913B-A6364BE253B9}.Debug|Any CPU.ActiveCfg = Debug|Any CPU
		{61526B27-4612-4293-913B-A6364BE253B9}.Debug|Any CPU.Build.0 = Debug|Any CPU
		{61526B27-4612-4293-913B-A6364BE253B9}.Release|Any CPU.ActiveCfg = Release|Any CPU
		{61526B27-4612-4293-913B-A6364BE253B9}.Release|Any CPU.Build.0 = Release|Any CPU
	EndGlobalSection
	GlobalSection(SolutionProperties) = preSolution
		HideSolutionNode = FALSE
	EndGlobalSection
	GlobalSection(ExtensibilityGlobals) = postSolution
		SolutionGuid = {011D1022-1F78-4202-B86B-7C5EFB90091B}
	EndGlobalSection
EndGlobal
